
Microsoft Visual Studio Solution File, Format Version 12.00
# Visual Studio 15
VisualStudioVersion = 15.0.27703.2035
MinimumVisualStudioVersion = 10.0.40219.1
Project("{FAE04EC0-301F-11D3-BF4B-00C04F79EFBC}") = "testTask", "testTask\testTask.csproj", "{DC576832-1BC4-43AF-94EA-970C906D9839}"
EndProject
Global
	GlobalSection(SolutionConfigurationPlatforms) = preSolution
		Debug|Any CPU = Debug|Any CPU
		Release|Any CPU = Release|Any CPU
	EndGlobalSection
	GlobalSection(ProjectConfigurationPlatforms) = postSolution
		{DC576832-1BC4-43AF-94EA-970C906D9839}.Debug|Any CPU.ActiveCfg = Debug|Any CPU
		{DC576832-1BC4-43AF-94EA-970C906D9839}.Debug|Any CPU.Build.0 = Debug|Any CPU
		{DC576832-1BC4-43AF-94EA-970C906D9839}.Release|Any CPU.ActiveCfg = Release|Any CPU
		{DC576832-1BC4-43AF-94EA-970C906D9839}.Release|Any CPU.Build.0 = Release|Any CPU
	EndGlobalSection
	GlobalSection(SolutionProperties) = preSolution
		HideSolutionNode = FALSE
	EndGlobalSection
	GlobalSection(ExtensibilityGlobals) = postSolution
		SolutionGuid = {F4825A08-A761-4BF1-9778-C320C82468EA}
	EndGlobalSection
EndGlobal
